
Microsoft Visual Studio Solution File, Format Version 12.00
# Visual Studio 2012
Project("{FAE04EC0-301F-11D3-BF4B-00C04F79EFBC}") = "SampleDB", "SampleDB\SampleDB.csproj", "{97B8FD8E-F0FF-4B4C-93DF-D8BEB196EDBC}"
EndProject
Project("{FAE04EC0-301F-11D3-BF4B-00C04F79EFBC}") = "SampleDB.Tests", "SampleDB.Tests\SampleDB.Tests.csproj", "{726F67DF-B7EC-468B-BBEC-31AC2E18F86D}"
EndProject
Global
	GlobalSection(SolutionConfigurationPlatforms) = preSolution
		Debug|Any CPU = Debug|Any CPU
		Release|Any CPU = Release|Any CPU
	EndGlobalSection
	GlobalSection(ProjectConfigurationPlatforms) = postSolution
		{97B8FD8E-F0FF-4B4C-93DF-D8BEB196EDBC}.Debug|Any CPU.ActiveCfg = Debug|Any CPU
		{97B8FD8E-F0FF-4B4C-93DF-D8BEB196EDBC}.Debug|Any CPU.Build.0 = Debug|Any CPU
		{97B8FD8E-F0FF-4B4C-93DF-D8BEB196EDBC}.Release|Any CPU.ActiveCfg = Release|Any CPU
		{97B8FD8E-F0FF-4B4C-93DF-D8BEB196EDBC}.Release|Any CPU.Build.0 = Release|Any CPU
		{726F67DF-B7EC-468B-BBEC-31AC2E18F86D}.Debug|Any CPU.ActiveCfg = Debug|Any CPU
		{726F67DF-B7EC-468B-BBEC-31AC2E18F86D}.Debug|Any CPU.Build.0 = Debug|Any CPU
		{726F67DF-B7EC-468B-BBEC-31AC2E18F86D}.Release|Any CPU.ActiveCfg = Release|Any CPU
		{726F67DF-B7EC-468B-BBEC-31AC2E18F86D}.Release|Any CPU.Build.0 = Release|Any CPU
	EndGlobalSection
EndGlobal
